
Microsoft Visual Studio Solution File, Format Version 12.00
# Visual Studio Version 16
VisualStudioVersion = 16.0.32228.343
MinimumVisualStudioVersion = 10.0.40219.1
Project("{FAE04EC0-301F-11D3-BF4B-00C04F79EFBC}") = "MajorLeventeTz", "MajorLeventeTz.csproj", "{6639A316-87C7-4BA1-8C15-F66B97001B5A}"
EndProject
Global
	GlobalSection(SolutionConfigurationPlatforms) = preSolution
		Debug|Any CPU = Debug|Any CPU
		Release|Any CPU = Release|Any CPU
	EndGlobalSection
	GlobalSection(ProjectConfigurationPlatforms) = postSolution
		{6639A316-87C7-4BA1-8C15-F66B97001B5A}.Debug|Any CPU.ActiveCfg = Debug|Any CPU
		{6639A316-87C7-4BA1-8C15-F66B97001B5A}.Debug|Any CPU.Build.0 = Debug|Any CPU
		{6639A316-87C7-4BA1-8C15-F66B97001B5A}.Release|Any CPU.ActiveCfg = Release|Any CPU
		{6639A316-87C7-4BA1-8C15-F66B97001B5A}.Release|Any CPU.Build.0 = Release|Any CPU
	EndGlobalSection
	GlobalSection(SolutionProperties) = preSolution
		HideSolutionNode = FALSE
	EndGlobalSection
	GlobalSection(ExtensibilityGlobals) = postSolution
		SolutionGuid = {728DA928-47D5-4120-8405-985055DC4459}
	EndGlobalSection
EndGlobal
